
Microsoft Visual Studio Solution File, Format Version 12.00
# Visual Studio Version 16
VisualStudioVersion = 16.0.28922.388
MinimumVisualStudioVersion = 10.0.40219.1
Project("{FAE04EC0-301F-11D3-BF4B-00C04F79EFBC}") = "HashMap", "HashMap\HashMap.csproj", "{5B0680F1-058F-4E42-AE7E-1F6A0ED67392}"
EndProject
Global
	GlobalSection(SolutionConfigurationPlatforms) = preSolution
		Debug|Any CPU = Debug|Any CPU
		Release|Any CPU = Release|Any CPU
	EndGlobalSection
	GlobalSection(ProjectConfigurationPlatforms) = postSolution
		{5B0680F1-058F-4E42-AE7E-1F6A0ED67392}.Debug|Any CPU.ActiveCfg = Debug|Any CPU
		{5B0680F1-058F-4E42-AE7E-1F6A0ED67392}.Debug|Any CPU.Build.0 = Debug|Any CPU
		{5B0680F1-058F-4E42-AE7E-1F6A0ED67392}.Release|Any CPU.ActiveCfg = Release|Any CPU
		{5B0680F1-058F-4E42-AE7E-1F6A0ED67392}.Release|Any CPU.Build.0 = Release|Any CPU
	EndGlobalSection
	GlobalSection(SolutionProperties) = preSolution
		HideSolutionNode = FALSE
	EndGlobalSection
	GlobalSection(ExtensibilityGlobals) = postSolution
		SolutionGuid = {09631055-D50F-44FA-AE5C-48A79362D569}
	EndGlobalSection
EndGlobal
